
Microsoft Visual Studio Solution File, Format Version 12.00
# Visual Studio Version 17
VisualStudioVersion = 17.9.34902.65
MinimumVisualStudioVersion = 10.0.40219.1
Project("{FAE04EC0-301F-11D3-BF4B-00C04F79EFBC}") = "pixelPlus", "pixelPlus\pixelPlus.csproj", "{4FEF334F-F32B-424A-A92F-ECFFC77850DD}"
EndProject
Global
	GlobalSection(SolutionConfigurationPlatforms) = preSolution
		Debug|Any CPU = Debug|Any CPU
		Release|Any CPU = Release|Any CPU
	EndGlobalSection
	GlobalSection(ProjectConfigurationPlatforms) = postSolution
		{4FEF334F-F32B-424A-A92F-ECFFC77850DD}.Debug|Any CPU.ActiveCfg = Debug|Any CPU
		{4FEF334F-F32B-424A-A92F-ECFFC77850DD}.Debug|Any CPU.Build.0 = Debug|Any CPU
		{4FEF334F-F32B-424A-A92F-ECFFC77850DD}.Release|Any CPU.ActiveCfg = Release|Any CPU
		{4FEF334F-F32B-424A-A92F-ECFFC77850DD}.Release|Any CPU.Build.0 = Release|Any CPU
	EndGlobalSection
	GlobalSection(SolutionProperties) = preSolution
		HideSolutionNode = FALSE
	EndGlobalSection
	GlobalSection(ExtensibilityGlobals) = postSolution
		SolutionGuid = {63310324-BCFE-4A51-BED7-41F35BDF609D}
	EndGlobalSection
EndGlobal
